{
  "name": "kio-ng2-cli",
  "version": "0.1.0",
  "lockfileVersion": 1,
  "requires": true,
  "dependencies": {
    "@types/cuid": {
      "version": "0.0.30",
      "resolved": "https://registry.npmjs.org/@types/cuid/-/cuid-0.0.30.tgz",
      "integrity": "sha1-EK+vU7uvVKEUFSNARblajQGQT2E="
    },
    "@types/lodash": {
      "version": "4.14.71",
      "resolved": "https://registry.npmjs.org/@types/lodash/-/lodash-4.14.71.tgz",
      "integrity": "sha512-x9E8HYuhmcQJPjhTd+t0oRXiQCJXoRPSzCOgYKggxtvNb/kGw8RrbdZzCXrQ6i/i4o0TettxyouY7UdbqkS4AQ=="
    },
    "browser-fingerprint": {
      "version": "0.0.1",
      "resolved": "https://registry.npmjs.org/browser-fingerprint/-/browser-fingerprint-0.0.1.tgz",
      "integrity": "sha1-jfPNyiW/fVs1QtYVRdcwBT/OYEo="
    },
    "core-js": {
      "version": "1.2.7",
      "resolved": "https://registry.npmjs.org/core-js/-/core-js-1.2.7.tgz",
      "integrity": "sha1-ZSKUwUZR2yj6k70tX/KYOk8IxjY="
    },
    "cuid": {
      "version": "1.3.8",
      "resolved": "https://registry.npmjs.org/cuid/-/cuid-1.3.8.tgz",
      "integrity": "sha1-S4deCWm612T37AcGz0T1+wgx9rc=",
      "requires": {
        "browser-fingerprint": "0.0.1",
        "core-js": "1.2.7",
        "node-fingerprint": "0.0.2"
      }
    },
    "kio-ng2-component-routing": {
      "version": "github:afkmatze/kio-ng2-component-routing#d02fab9c22a821b4ca85d6bcaf68dd061859fb8c",
      "requires": {
        "@types/cuid": "0.0.30",
        "@types/lodash": "4.14.71",
        "@types/node": "7.0.39",
        "cuid": "1.3.8",
        "kio-ng2-data": "github:afkm/kio-ng2-data#c88c2255a0501f36a3b4d50ed83769829c5899e7",
        "lodash": "4.17.4",
        "lodash.filter": "4.6.0",
        "lodash.find": "4.6.0"
      },
      "dependencies": {
        "@types/node": {
          "version": "7.0.39",
          "resolved": "https://registry.npmjs.org/@types/node/-/node-7.0.39.tgz",
          "integrity": "sha512-KQHAZeVsk4UIT9XaR6cn4WpHZzimK6UBD1UomQKfQQFmTlUHaNBzeuov+TM4+kigLO0IJt4I5OOsshcCyA9gSA=="
        },
        "kio-ng2-data": {
          "version": "github:afkm/kio-ng2-data#c88c2255a0501f36a3b4d50ed83769829c5899e7"
        }
      }
    },
    "lodash": {
      "version": "4.17.4",
      "resolved": "https://registry.npmjs.org/lodash/-/lodash-4.17.4.tgz",
      "integrity": "sha1-eCA6TRwyiuHYbcpkYONptX9AVa4="
    },
    "lodash.filter": {
      "version": "4.6.0",
      "resolved": "https://registry.npmjs.org/lodash.filter/-/lodash.filter-4.6.0.tgz",
      "integrity": "sha1-ZosdSYFgOuHMWm+nYBQ+SAtMSs4="
    },
    "lodash.find": {
      "version": "4.6.0",
      "resolved": "https://registry.npmjs.org/lodash.find/-/lodash.find-4.6.0.tgz",
      "integrity": "sha1-ywcE1Hq3F4n/oN6Ll92Sb7iLE7E="
    },
    "node-fingerprint": {
      "version": "0.0.2",
      "resolved": "https://registry.npmjs.org/node-fingerprint/-/node-fingerprint-0.0.2.tgz",
      "integrity": "sha1-Mcur63GmeufdWn3AQuUcPHWGhQE="
    }
  }
}
